<?xml version="1.0" encoding="utf-8"?>
<Project ToolsVersion="4.0" xmlns="http://schemas.microsoft.com/developer/msbuild/2003">
  <ItemGroup>
    <Filter Include="Resource Files">
      <UniqueIdentifier>{67DA6AB6-F800-4c08-8B7A-83BB121AAD01}</UniqueIdentifier>
      <Extensions>rc;ico;cur;bmp;dlg;rc2;rct;bin;rgs;gif;jpg;jpeg;jpe;resx;tiff;tif;png;wav;mfcribbon-ms</Extensions>
    </Filter>
    <Filter Include="Engine Files">
      <UniqueIdentifier>{4FC737F1-C7A5-4376-A066-2A32D752A2FF}</UniqueIdentifier>
      <Extensions>cpp;c;cc;cxx;c++;cppm;ixx;def;odl;idl;hpj;bat;asm;asmx</Extensions>
    </Filter>
    <Filter Include="Game Files">
      <UniqueIdentifier>{93995380-89BD-4b04-88EB-625FBE52EBFB}</UniqueIdentifier>
      <Extensions>h;hh;hpp;hxx;h++;hm;inl;inc;ipp;xsd</Extensions>
    </Filter>
    <Filter Include="Game Files\Physics">
      <UniqueIdentifier>{47056ecb-efd9-4847-bb5b-b5b3c31eca6c}</UniqueIdentifier>
    </Filter>
    <Filter Include="Game Files\Rendering">
      <UniqueIdentifier>{b8e30696-bfd7-4ab2-a58c-d0f1445f649b}</UniqueIdentifier>
    </Filter>
    <Filter Include="Game Files\Physics\Collision">
      <UniqueIdentifier>{2979ed9e-e1bb-43db-ad14-75cc61349f1f}</UniqueIdentifier>
    </Filter>
    <Filter Include="Game Files\Physics\Collision\Shapes">
      <UniqueIdentifier>{6824746f-c20a-4c49-a853-82e1250ec908}</UniqueIdentifier>
    </Filter>
    <Filter Include="Game Files\Physics\Body">
      <UniqueIdentifier>{a13c415f-0d51-41df-87ee-84647aa660c1}</UniqueIdentifier>
    </Filter>
  </ItemGroup>
  <ItemGroup>
    <ClCompile Include="Core\main.cpp">
      <Filter>Engine Files</Filter>
    </ClCompile>
    <ClCompile Include="Core\PhysicsEngine.cpp">
      <Filter>Engine Files</Filter>
    </ClCompile>
    <ClCompile Include="Core\Font.cpp">
      <Filter>Game Files\Rendering</Filter>
    </ClCompile>
    <ClCompile Include="Physics\Box.cpp">
      <Filter>Game Files\Physics\Collision\Shapes</Filter>
    </ClCompile>
    <ClCompile Include="Physics\Circle.cpp">
      <Filter>Game Files\Physics\Collision\Shapes</Filter>
    </ClCompile>
    <ClCompile Include="Physics\CollisionSolver.cpp">
      <Filter>Game Files\Physics\Collision</Filter>
    </ClCompile>
    <ClCompile Include="Physics\RigidBody.cpp">
      <Filter>Game Files\Physics\Body</Filter>
    </ClCompile>
    <ClCompile Include="Physics\Polygon.cpp">
      <Filter>Game Files\Physics\Collision\Shapes</Filter>
    </ClCompile>
    <ClCompile Include="PhysicsWorld.cpp">
      <Filter>Game Files\Physics</Filter>
    </ClCompile>
  </ItemGroup>
  <ItemGroup>
    <ClInclude Include="Core\PhysicsEngine.h">
      <Filter>Engine Files</Filter>
    </ClInclude>
    <ClInclude Include="Core\Font.h">
      <Filter>Game Files\Rendering</Filter>
    </ClInclude>
    <ClInclude Include="Physics\Box.h">
      <Filter>Game Files\Physics\Collision\Shapes</Filter>
    </ClInclude>
    <ClInclude Include="Physics\Circle.h">
      <Filter>Game Files\Physics\Collision\Shapes</Filter>
    </ClInclude>
    <ClInclude Include="Physics\CollisionSolver.h">
      <Filter>Game Files\Physics\Collision</Filter>
    </ClInclude>
    <ClInclude Include="Physics\Shape.h">
      <Filter>Game Files\Physics\Collision\Shapes</Filter>
    </ClInclude>
    <ClInclude Include="Physics\RigidBody.h">
      <Filter>Game Files\Physics\Body</Filter>
    </ClInclude>
    <ClInclude Include="Physics\Polygon.h">
      <Filter>Game Files\Physics\Collision\Shapes</Filter>
    </ClInclude>
    <ClInclude Include="PhysicsWorld.h">
      <Filter>Game Files\Physics</Filter>
    </ClInclude>
  </ItemGroup>
  <ItemGroup>
    <Font Include="Resources\ARCADECLASSIC.TTF">
      <Filter>Resource Files</Filter>
    </Font>
    <Font Include="Resources\Burbank Big Condensed Black.otf">
      <Filter>Resource Files</Filter>
    </Font>
  </ItemGroup>
</Project>